{
    "_readme": [
        "This file locks the dependencies of your project to a known state",
        "Read more about it at https://getcomposer.org/doc/01-basic-usage.md#composer-lock-the-lock-file",
        "This file is @generated automatically"
    ],
    "content-hash": "4718d9849a7a142fdb72cc55ea5a9a0c",
    "packages": [
        {
            "name": "hollodotme/fast-cgi-client",
            "version": "v2.2.0",
            "source": {
                "type": "git",
                "url": "https://github.com/hollodotme/fast-cgi-client.git",
                "reference": "2d42a803ccec53831ad2645bf31dc264d4bd7182"
            },
            "dist": {
                "type": "zip",
                "url": "https://api.github.com/repos/hollodotme/fast-cgi-client/zipball/2d42a803ccec53831ad2645bf31dc264d4bd7182",
                "reference": "2d42a803ccec53831ad2645bf31dc264d4bd7182",
                "shasum": ""
            },
            "require": {
                "php": ">=7.1"
            },
            "require-dev": {
                "tm/tooly-composer-script": "^1.0"
            },
            "bin": [
                "bin/fcgiget"
            ],
            "type": "library",
            "extra": {
                "tools": {
                    "phpunit": {
                        "url": "https://phar.phpunit.de/phpunit-6.1.0.phar",
                        "only-dev": true
                    },
                    "coveralls": {
                        "url": "https://github.com/satooshi/php-coveralls/releases/download/v1.0.1/coveralls.phar",
                        "only-dev": true
                    },
                    "phpmetrics": {
                        "url": "https://github.com/phpmetrics/PhpMetrics/releases/download/v2.1.0/phpmetrics.phar",
                        "only-dev": true
                    }
                }
            },
            "autoload": {
                "psr-4": {
                    "hollodotme\\FastCGI\\": "src/"
                }
            },
            "notification-url": "https://packagist.org/downloads/",
            "license": [
                "MIT"
            ],
            "authors": [
                {
                    "name": "Holger Woltersdorf",
                    "email": "hw@hollo.me"
                }
            ],
            "description": "A PHP fast CGI client to send requests (a)synchronously to PHP-FPM.",
            "keywords": [
                "Socket",
                "fastcgi",
                "php-fpm"
            ],
            "time": "2017-04-15T18:50:30+00:00"
        }
    ],
    "packages-dev": [],
    "aliases": [],
    "minimum-stability": "dev",
    "stability-flags": [],
    "prefer-stable": true,
    "prefer-lowest": false,
    "platform": {
        "php": ">=7.1"
    },
    "platform-dev": []
}
